
Microsoft Visual Studio Solution File, Format Version 12.00
# Visual Studio 15
VisualStudioVersion = 15.0.28307.1267
MinimumVisualStudioVersion = 10.0.40219.1
Project("{8BC9CEB8-8B4A-11D0-8D11-00A0C91BC942}") = "MSVCTypes", "MSVCTypes\MSVCTypes.vcxproj", "{3987CB91-1B4A-4231-B99E-C8F0AE463EEB}"
EndProject
Global
	GlobalSection(SolutionConfigurationPlatforms) = preSolution
		Debug|x64 = Debug|x64
		Debug|x86 = Debug|x86
		Release|x64 = Release|x64
		Release|x86 = Release|x86
	EndGlobalSection
	GlobalSection(ProjectConfigurationPlatforms) = postSolution
		{3987CB91-1B4A-4231-B99E-C8F0AE463EEB}.Debug|x64.ActiveCfg = Debug|x64
		{3987CB91-1B4A-4231-B99E-C8F0AE463EEB}.Debug|x64.Build.0 = Debug|x64
		{3987CB91-1B4A-4231-B99E-C8F0AE463EEB}.Debug|x86.ActiveCfg = Debug|Win32
		{3987CB91-1B4A-4231-B99E-C8F0AE463EEB}.Debug|x86.Build.0 = Debug|Win32
		{3987CB91-1B4A-4231-B99E-C8F0AE463EEB}.Release|x64.ActiveCfg = Release|x64
		{3987CB91-1B4A-4231-B99E-C8F0AE463EEB}.Release|x64.Build.0 = Release|x64
		{3987CB91-1B4A-4231-B99E-C8F0AE463EEB}.Release|x86.ActiveCfg = Release|Win32
		{3987CB91-1B4A-4231-B99E-C8F0AE463EEB}.Release|x86.Build.0 = Release|Win32
	EndGlobalSection
	GlobalSection(SolutionProperties) = preSolution
		HideSolutionNode = FALSE
	EndGlobalSection
	GlobalSection(ExtensibilityGlobals) = postSolution
		SolutionGuid = {1DB92625-D556-4C0D-8F24-92792BE38B92}
	EndGlobalSection
EndGlobal
